
Microsoft Visual Studio Solution File, Format Version 12.00
# Visual Studio Version 16
VisualStudioVersion = 16.0.29418.71
MinimumVisualStudioVersion = 10.0.40219.1
Project("{FAE04EC0-301F-11D3-BF4B-00C04F79EFBC}") = "QueueBasicStructure", "QueueBasicStructure\QueueBasicStructure.csproj", "{F380950B-81C9-46D2-9B44-3886885F2AED}"
EndProject
Global
	GlobalSection(SolutionConfigurationPlatforms) = preSolution
		Debug|Any CPU = Debug|Any CPU
		Release|Any CPU = Release|Any CPU
	EndGlobalSection
	GlobalSection(ProjectConfigurationPlatforms) = postSolution
		{F380950B-81C9-46D2-9B44-3886885F2AED}.Debug|Any CPU.ActiveCfg = Debug|Any CPU
		{F380950B-81C9-46D2-9B44-3886885F2AED}.Debug|Any CPU.Build.0 = Debug|Any CPU
		{F380950B-81C9-46D2-9B44-3886885F2AED}.Release|Any CPU.ActiveCfg = Release|Any CPU
		{F380950B-81C9-46D2-9B44-3886885F2AED}.Release|Any CPU.Build.0 = Release|Any CPU
	EndGlobalSection
	GlobalSection(SolutionProperties) = preSolution
		HideSolutionNode = FALSE
	EndGlobalSection
	GlobalSection(ExtensibilityGlobals) = postSolution
		SolutionGuid = {73163958-3D08-40C8-B1B9-F6DE0838B22F}
	EndGlobalSection
EndGlobal
