
Microsoft Visual Studio Solution File, Format Version 12.00
# Visual Studio Version 16
VisualStudioVersion = 16.0.29215.179
MinimumVisualStudioVersion = 10.0.40219.1
Project("{FAE04EC0-301F-11D3-BF4B-00C04F79EFBC}") = "Reverse Linked List", "Reverse Linked List\Reverse Linked List.csproj", "{3FBF70C1-FEF0-4C03-90FC-3BA1FE7BBCC7}"
EndProject
Global
	GlobalSection(SolutionConfigurationPlatforms) = preSolution
		Debug|Any CPU = Debug|Any CPU
		Release|Any CPU = Release|Any CPU
	EndGlobalSection
	GlobalSection(ProjectConfigurationPlatforms) = postSolution
		{3FBF70C1-FEF0-4C03-90FC-3BA1FE7BBCC7}.Debug|Any CPU.ActiveCfg = Debug|Any CPU
		{3FBF70C1-FEF0-4C03-90FC-3BA1FE7BBCC7}.Debug|Any CPU.Build.0 = Debug|Any CPU
		{3FBF70C1-FEF0-4C03-90FC-3BA1FE7BBCC7}.Release|Any CPU.ActiveCfg = Release|Any CPU
		{3FBF70C1-FEF0-4C03-90FC-3BA1FE7BBCC7}.Release|Any CPU.Build.0 = Release|Any CPU
	EndGlobalSection
	GlobalSection(SolutionProperties) = preSolution
		HideSolutionNode = FALSE
	EndGlobalSection
	GlobalSection(ExtensibilityGlobals) = postSolution
		SolutionGuid = {864EDD48-200D-4A76-AB60-DE31BE42ACB2}
	EndGlobalSection
EndGlobal
