
Microsoft Visual Studio Solution File, Format Version 12.00
# Visual Studio Version 16
VisualStudioVersion = 16.0.29418.71
MinimumVisualStudioVersion = 10.0.40219.1
Project("{FAE04EC0-301F-11D3-BF4B-00C04F79EFBC}") = "PartitionLinkedLists", "PartitionLinkedLists\PartitionLinkedLists.csproj", "{0E5568B9-A3AC-4445-86EE-EB0F2B2D46C7}"
EndProject
Global
	GlobalSection(SolutionConfigurationPlatforms) = preSolution
		Debug|Any CPU = Debug|Any CPU
		Release|Any CPU = Release|Any CPU
	EndGlobalSection
	GlobalSection(ProjectConfigurationPlatforms) = postSolution
		{0E5568B9-A3AC-4445-86EE-EB0F2B2D46C7}.Debug|Any CPU.ActiveCfg = Debug|Any CPU
		{0E5568B9-A3AC-4445-86EE-EB0F2B2D46C7}.Debug|Any CPU.Build.0 = Debug|Any CPU
		{0E5568B9-A3AC-4445-86EE-EB0F2B2D46C7}.Release|Any CPU.ActiveCfg = Release|Any CPU
		{0E5568B9-A3AC-4445-86EE-EB0F2B2D46C7}.Release|Any CPU.Build.0 = Release|Any CPU
	EndGlobalSection
	GlobalSection(SolutionProperties) = preSolution
		HideSolutionNode = FALSE
	EndGlobalSection
	GlobalSection(ExtensibilityGlobals) = postSolution
		SolutionGuid = {AB33A5EF-1F49-4514-AD8C-C15DF4FC6843}
	EndGlobalSection
EndGlobal
